// !$*UTF8*$!
{
	archiveVersion = 1;
	classes = {
	};
	objectVersion = 46;
	objects = {

/* Begin PBXBuildFile section */
		067813C21EE5991E0002DDAE /* AppDelegate.swift in Sources */ = {isa = PBXBuildFile; fileRef = 067813C11EE5991E0002DDAE /* AppDelegate.swift */; };
		067813C41EE5991E0002DDAE /* WelcomeVC.swift in Sources */ = {isa = PBXBuildFile; fileRef = 067813C31EE5991E0002DDAE /* WelcomeVC.swift */; };
		067813C71EE5991E0002DDAE /* Main.storyboard in Resources */ = {isa = PBXBuildFile; fileRef = 067813C51EE5991E0002DDAE /* Main.storyboard */; };
		067813CA1EE5991E0002DDAE /* Erela.xcdatamodeld in Sources */ = {isa = PBXBuildFile; fileRef = 067813C81EE5991E0002DDAE /* Erela.xcdatamodeld */; };
		067813CC1EE5991E0002DDAE /* Assets.xcassets in Resources */ = {isa = PBXBuildFile; fileRef = 067813CB1EE5991E0002DDAE /* Assets.xcassets */; };
		067813CF1EE5991E0002DDAE /* LaunchScreen.storyboard in Resources */ = {isa = PBXBuildFile; fileRef = 067813CD1EE5991E0002DDAE /* LaunchScreen.storyboard */; };
		067813D71EE59A190002DDAE /* GoogleService-Info.plist in Resources */ = {isa = PBXBuildFile; fileRef = 067813D61EE59A190002DDAE /* GoogleService-Info.plist */; };
		067813E61EE5A0DA0002DDAE /* UIButtonX.swift in Sources */ = {isa = PBXBuildFile; fileRef = 067813DC1EE5A0DA0002DDAE /* UIButtonX.swift */; };
		067813E71EE5A0DA0002DDAE /* UIImageViewX.swift in Sources */ = {isa = PBXBuildFile; fileRef = 067813DD1EE5A0DA0002DDAE /* UIImageViewX.swift */; };
		067813E81EE5A0DA0002DDAE /* UILabelX.swift in Sources */ = {isa = PBXBuildFile; fileRef = 067813DE1EE5A0DA0002DDAE /* UILabelX.swift */; };
		067813E91EE5A0DA0002DDAE /* UISliderX.swift in Sources */ = {isa = PBXBuildFile; fileRef = 067813DF1EE5A0DA0002DDAE /* UISliderX.swift */; };
		067813EA1EE5A0DA0002DDAE /* UITextFieldX.swift in Sources */ = {isa = PBXBuildFile; fileRef = 067813E01EE5A0DA0002DDAE /* UITextFieldX.swift */; };
		067813EB1EE5A0DA0002DDAE /* UIViewAnchorPoint.swift in Sources */ = {isa = PBXBuildFile; fileRef = 067813E11EE5A0DA0002DDAE /* UIViewAnchorPoint.swift */; };
		067813EC1EE5A0DA0002DDAE /* UIViewControllerX.swift in Sources */ = {isa = PBXBuildFile; fileRef = 067813E21EE5A0DA0002DDAE /* UIViewControllerX.swift */; };
		067813ED1EE5A0DA0002DDAE /* UIViewX.swift in Sources */ = {isa = PBXBuildFile; fileRef = 067813E31EE5A0DA0002DDAE /* UIViewX.swift */; };
		067813EE1EE5A0DA0002DDAE /* UIViewXRadialGradient.swift in Sources */ = {isa = PBXBuildFile; fileRef = 067813E41EE5A0DA0002DDAE /* UIViewXRadialGradient.swift */; };
		067813EF1EE5A0DA0002DDAE /* UIVisualEffectViewX.swift in Sources */ = {isa = PBXBuildFile; fileRef = 067813E51EE5A0DA0002DDAE /* UIVisualEffectViewX.swift */; };
		067813F11EE5A13F0002DDAE /* SignInVCView.swift in Sources */ = {isa = PBXBuildFile; fileRef = 067813F01EE5A13F0002DDAE /* SignInVCView.swift */; };
		108A1D646C1E852D56ECE15D /* Pods_Erela.framework in Frameworks */ = {isa = PBXBuildFile; fileRef = 1C699DD4E8D340FDF15777A7 /* Pods_Erela.framework */; };
		2C2DD0A71F0A8B9A00D9A347 /* Constants.swift in Sources */ = {isa = PBXBuildFile; fileRef = 2C2DD0A61F0A8B9A00D9A347 /* Constants.swift */; };
		2C2DD0A91F0AA1BB00D9A347 /* FeedVC.swift in Sources */ = {isa = PBXBuildFile; fileRef = 2C2DD0A81F0AA1BB00D9A347 /* FeedVC.swift */; };
		2C41E4151F0677B200B88E13 /* Pacifico-Regular.ttf in Resources */ = {isa = PBXBuildFile; fileRef = 2C41E4141F0677B200B88E13 /* Pacifico-Regular.ttf */; };
		2C5E0B6F1F16EA8C00C2D328 /* ViewController2.swift in Sources */ = {isa = PBXBuildFile; fileRef = 2C5E0B6E1F16EA8C00C2D328 /* ViewController2.swift */; };
		2C5E0B711F17A3A400C2D328 /* Post.swift in Sources */ = {isa = PBXBuildFile; fileRef = 2C5E0B701F17A3A400C2D328 /* Post.swift */; };
		2C8D57541F110745000BD7C8 /* PostCell.swift in Sources */ = {isa = PBXBuildFile; fileRef = 2C8D57531F110745000BD7C8 /* PostCell.swift */; };
		2C8D57561F157A49000BD7C8 /* DataService.swift in Sources */ = {isa = PBXBuildFile; fileRef = 2C8D57551F157A49000BD7C8 /* DataService.swift */; };
/* End PBXBuildFile section */

/* Begin PBXFileReference section */
		067813BE1EE5991E0002DDAE /* Erela.app */ = {isa = PBXFileReference; explicitFileType = wrapper.application; includeInIndex = 0; path = Erela.app; sourceTree = BUILT_PRODUCTS_DIR; };
		067813C11EE5991E0002DDAE /* AppDelegate.swift */ = {isa = PBXFileReference; lastKnownFileType = sourcecode.swift; path = AppDelegate.swift; sourceTree = "<group>"; };
		067813C31EE5991E0002DDAE /* WelcomeVC.swift */ = {isa = PBXFileReference; lastKnownFileType = sourcecode.swift; path = WelcomeVC.swift; sourceTree = "<group>"; };
		067813C61EE5991E0002DDAE /* Base */ = {isa = PBXFileReference; lastKnownFileType = file.storyboard; name = Base; path = Base.lproj/Main.storyboard; sourceTree = "<group>"; };
		067813C91EE5991E0002DDAE /* Erela.xcdatamodel */ = {isa = PBXFileReference; lastKnownFileType = wrapper.xcdatamodel; path = Erela.xcdatamodel; sourceTree = "<group>"; };
		067813CB1EE5991E0002DDAE /* Assets.xcassets */ = {isa = PBXFileReference; lastKnownFileType = folder.assetcatalog; path = Assets.xcassets; sourceTree = "<group>"; };
		067813CE1EE5991E0002DDAE /* Base */ = {isa = PBXFileReference; lastKnownFileType = file.storyboard; name = Base; path = Base.lproj/LaunchScreen.storyboard; sourceTree = "<group>"; };
		067813D01EE5991E0002DDAE /* Info.plist */ = {isa = PBXFileReference; lastKnownFileType = text.plist.xml; path = Info.plist; sourceTree = "<group>"; };
		067813D61EE59A190002DDAE /* GoogleService-Info.plist */ = {isa = PBXFileReference; fileEncoding = 4; lastKnownFileType = text.plist.xml; path = "GoogleService-Info.plist"; sourceTree = "<group>"; };
		067813DC1EE5A0DA0002DDAE /* UIButtonX.swift */ = {isa = PBXFileReference; fileEncoding = 4; lastKnownFileType = sourcecode.swift; path = UIButtonX.swift; sourceTree = "<group>"; };
		067813DD1EE5A0DA0002DDAE /* UIImageViewX.swift */ = {isa = PBXFileReference; fileEncoding = 4; lastKnownFileType = sourcecode.swift; path = UIImageViewX.swift; sourceTree = "<group>"; };
		067813DE1EE5A0DA0002DDAE /* UILabelX.swift */ = {isa = PBXFileReference; fileEncoding = 4; lastKnownFileType = sourcecode.swift; path = UILabelX.swift; sourceTree = "<group>"; };
		067813DF1EE5A0DA0002DDAE /* UISliderX.swift */ = {isa = PBXFileReference; fileEncoding = 4; lastKnownFileType = sourcecode.swift; path = UISliderX.swift; sourceTree = "<group>"; };
		067813E01EE5A0DA0002DDAE /* UITextFieldX.swift */ = {isa = PBXFileReference; fileEncoding = 4; lastKnownFileType = sourcecode.swift; path = UITextFieldX.swift; sourceTree = "<group>"; };
		067813E11EE5A0DA0002DDAE /* UIViewAnchorPoint.swift */ = {isa = PBXFileReference; fileEncoding = 4; lastKnownFileType = sourcecode.swift; path = UIViewAnchorPoint.swift; sourceTree = "<group>"; };
		067813E21EE5A0DA0002DDAE /* UIViewControllerX.swift */ = {isa = PBXFileReference; fileEncoding = 4; lastKnownFileType = sourcecode.swift; path = UIViewControllerX.swift; sourceTree = "<group>"; };
		067813E31EE5A0DA0002DDAE /* UIViewX.swift */ = {isa = PBXFileReference; fileEncoding = 4; lastKnownFileType = sourcecode.swift; path = UIViewX.swift; sourceTree = "<group>"; };
		067813E41EE5A0DA0002DDAE /* UIViewXRadialGradient.swift */ = {isa = PBXFileReference; fileEncoding = 4; lastKnownFileType = sourcecode.swift; path = UIViewXRadialGradient.swift; sourceTree = "<group>"; };
		067813E51EE5A0DA0002DDAE /* UIVisualEffectViewX.swift */ = {isa = PBXFileReference; fileEncoding = 4; lastKnownFileType = sourcecode.swift; path = UIVisualEffectViewX.swift; sourceTree = "<group>"; };
		067813F01EE5A13F0002DDAE /* SignInVCView.swift */ = {isa = PBXFileReference; fileEncoding = 4; lastKnownFileType = sourcecode.swift; path = SignInVCView.swift; sourceTree = "<group>"; };
		1C699DD4E8D340FDF15777A7 /* Pods_Erela.framework */ = {isa = PBXFileReference; explicitFileType = wrapper.framework; includeInIndex = 0; path = Pods_Erela.framework; sourceTree = BUILT_PRODUCTS_DIR; };
		2C2DD0A51F0720FF00D9A347 /* Erela.entitlements */ = {isa = PBXFileReference; lastKnownFileType = text.plist.entitlements; path = Erela.entitlements; sourceTree = "<group>"; };
		2C2DD0A61F0A8B9A00D9A347 /* Constants.swift */ = {isa = PBXFileReference; fileEncoding = 4; lastKnownFileType = sourcecode.swift; path = Constants.swift; sourceTree = "<group>"; };
		2C2DD0A81F0AA1BB00D9A347 /* FeedVC.swift */ = {isa = PBXFileReference; fileEncoding = 4; lastKnownFileType = sourcecode.swift; path = FeedVC.swift; sourceTree = "<group>"; };
		2C41E4141F0677B200B88E13 /* Pacifico-Regular.ttf */ = {isa = PBXFileReference; lastKnownFileType = file; path = "Pacifico-Regular.ttf"; sourceTree = "<group>"; };
		2C5E0B6E1F16EA8C00C2D328 /* ViewController2.swift */ = {isa = PBXFileReference; fileEncoding = 4; lastKnownFileType = sourcecode.swift; path = ViewController2.swift; sourceTree = "<group>"; };
		2C5E0B701F17A3A400C2D328 /* Post.swift */ = {isa = PBXFileReference; fileEncoding = 4; lastKnownFileType = sourcecode.swift; path = Post.swift; sourceTree = "<group>"; };
		2C8D57531F110745000BD7C8 /* PostCell.swift */ = {isa = PBXFileReference; fileEncoding = 4; lastKnownFileType = sourcecode.swift; path = PostCell.swift; sourceTree = "<group>"; };
		2C8D57551F157A49000BD7C8 /* DataService.swift */ = {isa = PBXFileReference; fileEncoding = 4; lastKnownFileType = sourcecode.swift; path = DataService.swift; sourceTree = "<group>"; };
		46C9759F03DCEFC702F74AD4 /* Pods-Erela.debug.xcconfig */ = {isa = PBXFileReference; includeInIndex = 1; lastKnownFileType = text.xcconfig; name = "Pods-Erela.debug.xcconfig"; path = "Pods/Target Support Files/Pods-Erela/Pods-Erela.debug.xcconfig"; sourceTree = "<group>"; };
		80624634B75100A7452EE7CD /* Pods-Erela.release.xcconfig */ = {isa = PBXFileReference; includeInIndex = 1; lastKnownFileType = text.xcconfig; name = "Pods-Erela.release.xcconfig"; path = "Pods/Target Support Files/Pods-Erela/Pods-Erela.release.xcconfig"; sourceTree = "<group>"; };
/* End PBXFileReference section */

/* Begin PBXFrameworksBuildPhase section */
		067813BB1EE5991E0002DDAE /* Frameworks */ = {
			isa = PBXFrameworksBuildPhase;
			buildActionMask = 2147483647;
			files = (
				108A1D646C1E852D56ECE15D /* Pods_Erela.framework in Frameworks */,
			);
			runOnlyForDeploymentPostprocessing = 0;
		};
/* End PBXFrameworksBuildPhase section */

/* Begin PBXGroup section */
		067813B51EE5991E0002DDAE = {
			isa = PBXGroup;
			children = (
				067813C01EE5991E0002DDAE /* Erela */,
				067813BF1EE5991E0002DDAE /* Products */,
				87F0452059E1CE50265398F1 /* Pods */,
				1DC910A1C170DB76A399891B /* Frameworks */,
			);
			sourceTree = "<group>";
		};
		067813BF1EE5991E0002DDAE /* Products */ = {
			isa = PBXGroup;
			children = (
				067813BE1EE5991E0002DDAE /* Erela.app */,
			);
			name = Products;
			sourceTree = "<group>";
		};
		067813C01EE5991E0002DDAE /* Erela */ = {
			isa = PBXGroup;
			children = (
				2C2DD0A51F0720FF00D9A347 /* Erela.entitlements */,
				067813DB1EE5A0DA0002DDAE /* DesignableX */,
				067813DA1EE5A0A20002DDAE /* Controller */,
				067813D91EE5A08E0002DDAE /* View */,
				067813D81EE5A0870002DDAE /* Model */,
				067813C11EE5991E0002DDAE /* AppDelegate.swift */,
				067813C51EE5991E0002DDAE /* Main.storyboard */,
				2C8D57551F157A49000BD7C8 /* DataService.swift */,
				067813CB1EE5991E0002DDAE /* Assets.xcassets */,
				067813CD1EE5991E0002DDAE /* LaunchScreen.storyboard */,
				067813D01EE5991E0002DDAE /* Info.plist */,
				067813C81EE5991E0002DDAE /* Erela.xcdatamodeld */,
				067813D61EE59A190002DDAE /* GoogleService-Info.plist */,
				2C41E4141F0677B200B88E13 /* Pacifico-Regular.ttf */,
			);
			path = Erela;
			sourceTree = "<group>";
		};
		067813D81EE5A0870002DDAE /* Model */ = {
			isa = PBXGroup;
			children = (
			);
			name = Model;
			sourceTree = "<group>";
		};
		067813D91EE5A08E0002DDAE /* View */ = {
			isa = PBXGroup;
			children = (
				2C2DD0A61F0A8B9A00D9A347 /* Constants.swift */,
			);
			name = View;
			sourceTree = "<group>";
		};
		067813DA1EE5A0A20002DDAE /* Controller */ = {
			isa = PBXGroup;
			children = (
				067813C31EE5991E0002DDAE /* WelcomeVC.swift */,
				067813F01EE5A13F0002DDAE /* SignInVCView.swift */,
				2C2DD0A81F0AA1BB00D9A347 /* FeedVC.swift */,
				2C5E0B6E1F16EA8C00C2D328 /* ViewController2.swift */,
				2C5E0B701F17A3A400C2D328 /* Post.swift */,
				2C8D57531F110745000BD7C8 /* PostCell.swift */,
			);
			name = Controller;
			sourceTree = "<group>";
		};
		067813DB1EE5A0DA0002DDAE /* DesignableX */ = {
			isa = PBXGroup;
			children = (
				067813DC1EE5A0DA0002DDAE /* UIButtonX.swift */,
				067813DD1EE5A0DA0002DDAE /* UIImageViewX.swift */,
				067813DE1EE5A0DA0002DDAE /* UILabelX.swift */,
				067813DF1EE5A0DA0002DDAE /* UISliderX.swift */,
				067813E01EE5A0DA0002DDAE /* UITextFieldX.swift */,
				067813E11EE5A0DA0002DDAE /* UIViewAnchorPoint.swift */,
				067813E21EE5A0DA0002DDAE /* UIViewControllerX.swift */,
				067813E31EE5A0DA0002DDAE /* UIViewX.swift */,
				067813E41EE5A0DA0002DDAE /* UIViewXRadialGradient.swift */,
				067813E51EE5A0DA0002DDAE /* UIVisualEffectViewX.swift */,
			);
			path = DesignableX;
			sourceTree = "<group>";
		};
		1DC910A1C170DB76A399891B /* Frameworks */ = {
			isa = PBXGroup;
			children = (
				1C699DD4E8D340FDF15777A7 /* Pods_Erela.framework */,
			);
			name = Frameworks;
			sourceTree = "<group>";
		};
		87F0452059E1CE50265398F1 /* Pods */ = {
			isa = PBXGroup;
			children = (
				46C9759F03DCEFC702F74AD4 /* Pods-Erela.debug.xcconfig */,
				80624634B75100A7452EE7CD /* Pods-Erela.release.xcconfig */,
			);
			name = Pods;
			sourceTree = "<group>";
		};
/* End PBXGroup section */

/* Begin PBXNativeTarget section */
		067813BD1EE5991E0002DDAE /* Erela */ = {
			isa = PBXNativeTarget;
			buildConfigurationList = 067813D31EE5991E0002DDAE /* Build configuration list for PBXNativeTarget "Erela" */;
			buildPhases = (
				DF58A71F75362D42EE7F1C3B /* [CP] Check Pods Manifest.lock */,
				067813BA1EE5991E0002DDAE /* Sources */,
				067813BB1EE5991E0002DDAE /* Frameworks */,
				067813BC1EE5991E0002DDAE /* Resources */,
				63AF5AE0F0C28B309D5645C9 /* [CP] Embed Pods Frameworks */,
				EFEB9EB97716790B34330E4D /* [CP] Copy Pods Resources */,
			);
			buildRules = (
			);
			dependencies = (
			);
			name = Erela;
			productName = Erela;
			productReference = 067813BE1EE5991E0002DDAE /* Erela.app */;
			productType = "com.apple.product-type.application";
		};
/* End PBXNativeTarget section */

/* Begin PBXProject section */
		067813B61EE5991E0002DDAE /* Project object */ = {
			isa = PBXProject;
			attributes = {
				LastSwiftUpdateCheck = 0820;
				LastUpgradeCheck = 0820;
				ORGANIZATIONNAME = "oskar ljungdahl";
				TargetAttributes = {
					067813BD1EE5991E0002DDAE = {
						CreatedOnToolsVersion = 8.2.1;
						DevelopmentTeam = HFRBUUM266;
						ProvisioningStyle = Automatic;
						SystemCapabilities = {
							com.apple.Keychain = {
								enabled = 0;
							};
						};
					};
				};
			};
			buildConfigurationList = 067813B91EE5991E0002DDAE /* Build configuration list for PBXProject "Erela" */;
			compatibilityVersion = "Xcode 3.2";
			developmentRegion = English;
			hasScannedForEncodings = 0;
			knownRegions = (
				en,
				Base,
			);
			mainGroup = 067813B51EE5991E0002DDAE;
			productRefGroup = 067813BF1EE5991E0002DDAE /* Products */;
			projectDirPath = "";
			projectRoot = "";
			targets = (
				067813BD1EE5991E0002DDAE /* Erela */,
			);
		};
/* End PBXProject section */

/* Begin PBXResourcesBuildPhase section */
		067813BC1EE5991E0002DDAE /* Resources */ = {
			isa = PBXResourcesBuildPhase;
			buildActionMask = 2147483647;
			files = (
				067813CF1EE5991E0002DDAE /* LaunchScreen.storyboard in Resources */,
				067813D71EE59A190002DDAE /* GoogleService-Info.plist in Resources */,
				067813CC1EE5991E0002DDAE /* Assets.xcassets in Resources */,
				067813C71EE5991E0002DDAE /* Main.storyboard in Resources */,
				2C41E4151F0677B200B88E13 /* Pacifico-Regular.ttf in Resources */,
			);
			runOnlyForDeploymentPostprocessing = 0;
		};
/* End PBXResourcesBuildPhase section */

/* Begin PBXShellScriptBuildPhase section */
		63AF5AE0F0C28B309D5645C9 /* [CP] Embed Pods Frameworks */ = {
			isa = PBXShellScriptBuildPhase;
			buildActionMask = 2147483647;
			files = (
			);
			inputPaths = (
			);
			name = "[CP] Embed Pods Frameworks";
			outputPaths = (
			);
			runOnlyForDeploymentPostprocessing = 0;
			shellPath = /bin/sh;
			shellScript = "\"${SRCROOT}/Pods/Target Support Files/Pods-Erela/Pods-Erela-frameworks.sh\"\n";
			showEnvVarsInLog = 0;
		};
		DF58A71F75362D42EE7F1C3B /* [CP] Check Pods Manifest.lock */ = {
			isa = PBXShellScriptBuildPhase;
			buildActionMask = 2147483647;
			files = (
			);
			inputPaths = (
			);
			name = "[CP] Check Pods Manifest.lock";
			outputPaths = (
			);
			runOnlyForDeploymentPostprocessing = 0;
			shellPath = /bin/sh;
			shellScript = "diff \"${PODS_PODFILE_DIR_PATH}/Podfile.lock\" \"${PODS_ROOT}/Manifest.lock\" > /dev/null\nif [ $? != 0 ] ; then\n    # print error to STDERR\n    echo \"error: The sandbox is not in sync with the Podfile.lock. Run 'pod install' or update your CocoaPods installation.\" >&2\n    exit 1\nfi\n";
			showEnvVarsInLog = 0;
		};
		EFEB9EB97716790B34330E4D /* [CP] Copy Pods Resources */ = {
			isa = PBXShellScriptBuildPhase;
			buildActionMask = 2147483647;
			files = (
			);
			inputPaths = (
			);
			name = "[CP] Copy Pods Resources";
			outputPaths = (
			);
			runOnlyForDeploymentPostprocessing = 0;
			shellPath = /bin/sh;
			shellScript = "\"${SRCROOT}/Pods/Target Support Files/Pods-Erela/Pods-Erela-resources.sh\"\n";
			showEnvVarsInLog = 0;
		};
/* End PBXShellScriptBuildPhase section */

/* Begin PBXSourcesBuildPhase section */
		067813BA1EE5991E0002DDAE /* Sources */ = {
			isa = PBXSourcesBuildPhase;
			buildActionMask = 2147483647;
			files = (
				2C8D57541F110745000BD7C8 /* PostCell.swift in Sources */,
				067813EF1EE5A0DA0002DDAE /* UIVisualEffectViewX.swift in Sources */,
				067813E61EE5A0DA0002DDAE /* UIButtonX.swift in Sources */,
				067813E71EE5A0DA0002DDAE /* UIImageViewX.swift in Sources */,
				067813F11EE5A13F0002DDAE /* SignInVCView.swift in Sources */,
				2C2DD0A91F0AA1BB00D9A347 /* FeedVC.swift in Sources */,
				067813EE1EE5A0DA0002DDAE /* UIViewXRadialGradient.swift in Sources */,
				2C2DD0A71F0A8B9A00D9A347 /* Constants.swift in Sources */,
				067813ED1EE5A0DA0002DDAE /* UIViewX.swift in Sources */,
				2C8D57561F157A49000BD7C8 /* DataService.swift in Sources */,
				2C5E0B6F1F16EA8C00C2D328 /* ViewController2.swift in Sources */,
				067813C41EE5991E0002DDAE /* WelcomeVC.swift in Sources */,
				067813EB1EE5A0DA0002DDAE /* UIViewAnchorPoint.swift in Sources */,
				067813E81EE5A0DA0002DDAE /* UILabelX.swift in Sources */,
				067813EC1EE5A0DA0002DDAE /* UIViewControllerX.swift in Sources */,
				067813EA1EE5A0DA0002DDAE /* UITextFieldX.swift in Sources */,
				067813CA1EE5991E0002DDAE /* Erela.xcdatamodeld in Sources */,
				067813E91EE5A0DA0002DDAE /* UISliderX.swift in Sources */,
				067813C21EE5991E0002DDAE /* AppDelegate.swift in Sources */,
				2C5E0B711F17A3A400C2D328 /* Post.swift in Sources */,
			);
			runOnlyForDeploymentPostprocessing = 0;
		};
/* End PBXSourcesBuildPhase section */

/* Begin PBXVariantGroup section */
		067813C51EE5991E0002DDAE /* Main.storyboard */ = {
			isa = PBXVariantGroup;
			children = (
				067813C61EE5991E0002DDAE /* Base */,
			);
			name = Main.storyboard;
			sourceTree = "<group>";
		};
		067813CD1EE5991E0002DDAE /* LaunchScreen.storyboard */ = {
			isa = PBXVariantGroup;
			children = (
				067813CE1EE5991E0002DDAE /* Base */,
			);
			name = LaunchScreen.storyboard;
			sourceTree = "<group>";
		};
/* End PBXVariantGroup section */

/* Begin XCBuildConfiguration section */
		067813D11EE5991E0002DDAE /* Debug */ = {
			isa = XCBuildConfiguration;
			buildSettings = {
				ALWAYS_SEARCH_USER_PATHS = NO;
				CLANG_ANALYZER_NONNULL = YES;
				CLANG_CXX_LANGUAGE_STANDARD = "gnu++0x";
				CLANG_CXX_LIBRARY = "libc++";
				CLANG_ENABLE_MODULES = YES;
				CLANG_ENABLE_OBJC_ARC = YES;
				CLANG_WARN_BOOL_CONVERSION = YES;
				CLANG_WARN_CONSTANT_CONVERSION = YES;
				CLANG_WARN_DIRECT_OBJC_ISA_USAGE = YES_ERROR;
				CLANG_WARN_DOCUMENTATION_COMMENTS = YES;
				CLANG_WARN_EMPTY_BODY = YES;
				CLANG_WARN_ENUM_CONVERSION = YES;
				CLANG_WARN_INFINITE_RECURSION = YES;
				CLANG_WARN_INT_CONVERSION = YES;
				CLANG_WARN_OBJC_ROOT_CLASS = YES_ERROR;
				CLANG_WARN_SUSPICIOUS_MOVE = YES;
				CLANG_WARN_UNREACHABLE_CODE = YES;
				CLANG_WARN__DUPLICATE_METHOD_MATCH = YES;
				"CODE_SIGN_IDENTITY[sdk=iphoneos*]" = "iPhone Developer";
				COPY_PHASE_STRIP = NO;
				DEBUG_INFORMATION_FORMAT = dwarf;
				ENABLE_STRICT_OBJC_MSGSEND = YES;
				ENABLE_TESTABILITY = YES;
				GCC_C_LANGUAGE_STANDARD = gnu99;
				GCC_DYNAMIC_NO_PIC = NO;
				GCC_NO_COMMON_BLOCKS = YES;
				GCC_OPTIMIZATION_LEVEL = 0;
				GCC_PREPROCESSOR_DEFINITIONS = (
					"DEBUG=1",
					"$(inherited)",
				);
				GCC_WARN_64_TO_32_BIT_CONVERSION = YES;
				GCC_WARN_ABOUT_RETURN_TYPE = YES_ERROR;
				GCC_WARN_UNDECLARED_SELECTOR = YES;
				GCC_WARN_UNINITIALIZED_AUTOS = YES_AGGRESSIVE;
				GCC_WARN_UNUSED_FUNCTION = YES;
				GCC_WARN_UNUSED_VARIABLE = YES;
				IPHONEOS_DEPLOYMENT_TARGET = 10.2;
				MTL_ENABLE_DEBUG_INFO = YES;
				ONLY_ACTIVE_ARCH = YES;
				SDKROOT = iphoneos;
				SWIFT_ACTIVE_COMPILATION_CONDITIONS = DEBUG;
				SWIFT_OPTIMIZATION_LEVEL = "-Onone";
			};
			name = Debug;
		};
		067813D21EE5991E0002DDAE /* Release */ = {
			isa = XCBuildConfiguration;
			buildSettings = {
				ALWAYS_SEARCH_USER_PATHS = NO;
				CLANG_ANALYZER_NONNULL = YES;
				CLANG_CXX_LANGUAGE_STANDARD = "gnu++0x";
				CLANG_CXX_LIBRARY = "libc++";
				CLANG_ENABLE_MODULES = YES;
				CLANG_ENABLE_OBJC_ARC = YES;
				CLANG_WARN_BOOL_CONVERSION = YES;
				CLANG_WARN_CONSTANT_CONVERSION = YES;
				CLANG_WARN_DIRECT_OBJC_ISA_USAGE = YES_ERROR;
				CLANG_WARN_DOCUMENTATION_COMMENTS = YES;
				CLANG_WARN_EMPTY_BODY = YES;
				CLANG_WARN_ENUM_CONVERSION = YES;
				CLANG_WARN_INFINITE_RECURSION = YES;
				CLANG_WARN_INT_CONVERSION = YES;
				CLANG_WARN_OBJC_ROOT_CLASS = YES_ERROR;
				CLANG_WARN_SUSPICIOUS_MOVE = YES;
				CLANG_WARN_UNREACHABLE_CODE = YES;
				CLANG_WARN__DUPLICATE_METHOD_MATCH = YES;
				"CODE_SIGN_IDENTITY[sdk=iphoneos*]" = "iPhone Developer";
				COPY_PHASE_STRIP = NO;
				DEBUG_INFORMATION_FORMAT = "dwarf-with-dsym";
				ENABLE_NS_ASSERTIONS = NO;
				ENABLE_STRICT_OBJC_MSGSEND = YES;
				GCC_C_LANGUAGE_STANDARD = gnu99;
				GCC_NO_COMMON_BLOCKS = YES;
				GCC_WARN_64_TO_32_BIT_CONVERSION = YES;
				GCC_WARN_ABOUT_RETURN_TYPE = YES_ERROR;
				GCC_WARN_UNDECLARED_SELECTOR = YES;
				GCC_WARN_UNINITIALIZED_AUTOS = YES_AGGRESSIVE;
				GCC_WARN_UNUSED_FUNCTION = YES;
				GCC_WARN_UNUSED_VARIABLE = YES;
				IPHONEOS_DEPLOYMENT_TARGET = 10.2;
				MTL_ENABLE_DEBUG_INFO = NO;
				SDKROOT = iphoneos;
				SWIFT_OPTIMIZATION_LEVEL = "-Owholemodule";
				VALIDATE_PRODUCT = YES;
			};
			name = Release;
		};
		067813D41EE5991E0002DDAE /* Debug */ = {
			isa = XCBuildConfiguration;
			baseConfigurationReference = 46C9759F03DCEFC702F74AD4 /* Pods-Erela.debug.xcconfig */;
			buildSettings = {
				ASSETCATALOG_COMPILER_APPICON_NAME = AppIcon;
				DEVELOPMENT_TEAM = HFRBUUM266;
				INFOPLIST_FILE = Erela/Info.plist;
				LD_RUNPATH_SEARCH_PATHS = "$(inherited) @executable_path/Frameworks";
				PRODUCT_BUNDLE_IDENTIFIER = se.oskarljungdahl.Erela;
				PRODUCT_NAME = "$(TARGET_NAME)";
				SWIFT_VERSION = 3.0;
			};
			name = Debug;
		};
		067813D51EE5991E0002DDAE /* Release */ = {
			isa = XCBuildConfiguration;
			baseConfigurationReference = 80624634B75100A7452EE7CD /* Pods-Erela.release.xcconfig */;
			buildSettings = {
				ASSETCATALOG_COMPILER_APPICON_NAME = AppIcon;
				DEVELOPMENT_TEAM = HFRBUUM266;
				INFOPLIST_FILE = Erela/Info.plist;
				LD_RUNPATH_SEARCH_PATHS = "$(inherited) @executable_path/Frameworks";
				PRODUCT_BUNDLE_IDENTIFIER = se.oskarljungdahl.Erela;
				PRODUCT_NAME = "$(TARGET_NAME)";
				SWIFT_VERSION = 3.0;
			};
			name = Release;
		};
/* End XCBuildConfiguration section */

/* Begin XCConfigurationList section */
		067813B91EE5991E0002DDAE /* Build configuration list for PBXProject "Erela" */ = {
			isa = XCConfigurationList;
			buildConfigurations = (
				067813D11EE5991E0002DDAE /* Debug */,
				067813D21EE5991E0002DDAE /* Release */,
			);
			defaultConfigurationIsVisible = 0;
			defaultConfigurationName = Release;
		};
		067813D31EE5991E0002DDAE /* Build configuration list for PBXNativeTarget "Erela" */ = {
			isa = XCConfigurationList;
			buildConfigurations = (
				067813D41EE5991E0002DDAE /* Debug */,
				067813D51EE5991E0002DDAE /* Release */,
			);
			defaultConfigurationIsVisible = 0;
			defaultConfigurationName = Release;
		};
/* End XCConfigurationList section */

/* Begin XCVersionGroup section */
		067813C81EE5991E0002DDAE /* Erela.xcdatamodeld */ = {
			isa = XCVersionGroup;
			children = (
				067813C91EE5991E0002DDAE /* Erela.xcdatamodel */,
			);
			currentVersion = 067813C91EE5991E0002DDAE /* Erela.xcdatamodel */;
			path = Erela.xcdatamodeld;
			sourceTree = "<group>";
			versionGroupType = wrapper.xcdatamodel;
		};
/* End XCVersionGroup section */
	};
	rootObject = 067813B61EE5991E0002DDAE /* Project object */;
}
